// !$*UTF8*$!
{
	archiveVersion = 1;
	classes = {
	};
	objectVersion = 52;
	objects = {

/* Begin PBXBuildFile section */
		130666A3298EE00E0009A368 /* Favourite.swift in Sources */ = {isa = PBXBuildFile; fileRef = 130666A2298EE00E0009A368 /* Favourite.swift */; };
		13E7D5BE298E3D12004EFA47 /* Alamofire in Frameworks */ = {isa = PBXBuildFile; productRef = 13E7D5BD298E3D12004EFA47 /* Alamofire */; };
		13E7D5C0298E4177004EFA47 /* SignUpViewController.swift in Sources */ = {isa = PBXBuildFile; fileRef = 13E7D5BF298E4177004EFA47 /* SignUpViewController.swift */; };
		AD72566E2980610C00151C54 /* AppDelegate.swift in Sources */ = {isa = PBXBuildFile; fileRef = AD72566D2980610C00151C54 /* AppDelegate.swift */; };
		AD7256702980610C00151C54 /* SceneDelegate.swift in Sources */ = {isa = PBXBuildFile; fileRef = AD72566F2980610C00151C54 /* SceneDelegate.swift */; };
		AD7256722980610C00151C54 /* ViewController.swift in Sources */ = {isa = PBXBuildFile; fileRef = AD7256712980610C00151C54 /* ViewController.swift */; };
		AD7256772980611700151C54 /* Assets.xcassets in Resources */ = {isa = PBXBuildFile; fileRef = AD7256762980611700151C54 /* Assets.xcassets */; };
		AD72567A2980611700151C54 /* LaunchScreen.storyboard in Resources */ = {isa = PBXBuildFile; fileRef = AD7256782980611700151C54 /* LaunchScreen.storyboard */; };
		ADE16A012987B82000976A5A /* HomeTabBarViewController.swift in Sources */ = {isa = PBXBuildFile; fileRef = ADE16A002987B82000976A5A /* HomeTabBarViewController.swift */; };
		ADE16A032987BB4B00976A5A /* HomeViewController.swift in Sources */ = {isa = PBXBuildFile; fileRef = ADE16A022987BB4B00976A5A /* HomeViewController.swift */; };
		ADE16A052987BB9600976A5A /* FavoriteViewController.swift in Sources */ = {isa = PBXBuildFile; fileRef = ADE16A042987BB9600976A5A /* FavoriteViewController.swift */; };
		ADE16A072987BBC300976A5A /* SearchViewController.swift in Sources */ = {isa = PBXBuildFile; fileRef = ADE16A062987BBC300976A5A /* SearchViewController.swift */; };
		ADE16A092987BC1F00976A5A /* ProfileViewController.swift in Sources */ = {isa = PBXBuildFile; fileRef = ADE16A082987BC1F00976A5A /* ProfileViewController.swift */; };
		ADE16A0C2987C00900976A5A /* CollectionViewTableViewCell.swift in Sources */ = {isa = PBXBuildFile; fileRef = ADE16A0B2987C00900976A5A /* CollectionViewTableViewCell.swift */; };
		ADE16A0E2987D12700976A5A /* TableHeaderUIView.swift in Sources */ = {isa = PBXBuildFile; fileRef = ADE16A0D2987D12700976A5A /* TableHeaderUIView.swift */; };
		ADE16A132987D2C900976A5A /* Extensions.swift in Sources */ = {isa = PBXBuildFile; fileRef = ADE16A122987D2C900976A5A /* Extensions.swift */; };
		ADE16A152987D36F00976A5A /* SignInViewController.swift in Sources */ = {isa = PBXBuildFile; fileRef = ADE16A142987D36F00976A5A /* SignInViewController.swift */; };
		ADE47074298AD3A600B0EFA0 /* Foods.swift in Sources */ = {isa = PBXBuildFile; fileRef = ADE47073298AD3A600B0EFA0 /* Foods.swift */; };
		ADE4707B298ADFC500B0EFA0 /* FoodTitleCollectionViewCell.swift in Sources */ = {isa = PBXBuildFile; fileRef = ADE4707A298ADFC500B0EFA0 /* FoodTitleCollectionViewCell.swift */; };
		ADE4B1B1298968EC002C4A97 /* API.swift in Sources */ = {isa = PBXBuildFile; fileRef = ADE4B1B0298968EC002C4A97 /* API.swift */; };
		C192C79F298D05AF001A442E /* User.swift in Sources */ = {isa = PBXBuildFile; fileRef = C192C79E298D05AD001A442E /* User.swift */; };
		C1DAD544298C96E400C2A62C /* SDWebImage in Frameworks */ = {isa = PBXBuildFile; productRef = C1DAD543298C96E400C2A62C /* SDWebImage */; };
		C1DAD546298C96E400C2A62C /* SDWebImageMapKit in Frameworks */ = {isa = PBXBuildFile; productRef = C1DAD545298C96E400C2A62C /* SDWebImageMapKit */; };
/* End PBXBuildFile section */

/* Begin PBXFileReference section */
		130666A2298EE00E0009A368 /* Favourite.swift */ = {isa = PBXFileReference; lastKnownFileType = sourcecode.swift; path = Favourite.swift; sourceTree = "<group>"; };
		13E7D5BF298E4177004EFA47 /* SignUpViewController.swift */ = {isa = PBXFileReference; lastKnownFileType = sourcecode.swift; path = SignUpViewController.swift; sourceTree = "<group>"; };
		AD72566A2980610C00151C54 /* Tasty Foods.app */ = {isa = PBXFileReference; explicitFileType = wrapper.application; includeInIndex = 0; path = "Tasty Foods.app"; sourceTree = BUILT_PRODUCTS_DIR; };
		AD72566D2980610C00151C54 /* AppDelegate.swift */ = {isa = PBXFileReference; lastKnownFileType = sourcecode.swift; path = AppDelegate.swift; sourceTree = "<group>"; };
		AD72566F2980610C00151C54 /* SceneDelegate.swift */ = {isa = PBXFileReference; lastKnownFileType = sourcecode.swift; path = SceneDelegate.swift; sourceTree = "<group>"; };
		AD7256712980610C00151C54 /* ViewController.swift */ = {isa = PBXFileReference; lastKnownFileType = sourcecode.swift; path = ViewController.swift; sourceTree = "<group>"; };
		AD7256762980611700151C54 /* Assets.xcassets */ = {isa = PBXFileReference; lastKnownFileType = folder.assetcatalog; path = Assets.xcassets; sourceTree = "<group>"; };
		AD7256792980611700151C54 /* Base */ = {isa = PBXFileReference; lastKnownFileType = file.storyboard; name = Base; path = Base.lproj/LaunchScreen.storyboard; sourceTree = "<group>"; };
		AD72567B2980611700151C54 /* Info.plist */ = {isa = PBXFileReference; lastKnownFileType = text.plist.xml; path = Info.plist; sourceTree = "<group>"; };
		ADE16A002987B82000976A5A /* HomeTabBarViewController.swift */ = {isa = PBXFileReference; lastKnownFileType = sourcecode.swift; path = HomeTabBarViewController.swift; sourceTree = "<group>"; };
		ADE16A022987BB4B00976A5A /* HomeViewController.swift */ = {isa = PBXFileReference; lastKnownFileType = sourcecode.swift; path = HomeViewController.swift; sourceTree = "<group>"; };
		ADE16A042987BB9600976A5A /* FavoriteViewController.swift */ = {isa = PBXFileReference; lastKnownFileType = sourcecode.swift; path = FavoriteViewController.swift; sourceTree = "<group>"; };
		ADE16A062987BBC300976A5A /* SearchViewController.swift */ = {isa = PBXFileReference; lastKnownFileType = sourcecode.swift; path = SearchViewController.swift; sourceTree = "<group>"; };
		ADE16A082987BC1F00976A5A /* ProfileViewController.swift */ = {isa = PBXFileReference; lastKnownFileType = sourcecode.swift; path = ProfileViewController.swift; sourceTree = "<group>"; };
		ADE16A0B2987C00900976A5A /* CollectionViewTableViewCell.swift */ = {isa = PBXFileReference; lastKnownFileType = sourcecode.swift; path = CollectionViewTableViewCell.swift; sourceTree = "<group>"; };
		ADE16A0D2987D12700976A5A /* TableHeaderUIView.swift */ = {isa = PBXFileReference; lastKnownFileType = sourcecode.swift; path = TableHeaderUIView.swift; sourceTree = "<group>"; };
		ADE16A122987D2C900976A5A /* Extensions.swift */ = {isa = PBXFileReference; lastKnownFileType = sourcecode.swift; path = Extensions.swift; sourceTree = "<group>"; };
		ADE16A142987D36F00976A5A /* SignInViewController.swift */ = {isa = PBXFileReference; lastKnownFileType = sourcecode.swift; path = SignInViewController.swift; sourceTree = "<group>"; };
		ADE47073298AD3A600B0EFA0 /* Foods.swift */ = {isa = PBXFileReference; lastKnownFileType = sourcecode.swift; path = Foods.swift; sourceTree = "<group>"; };
		ADE4707A298ADFC500B0EFA0 /* FoodTitleCollectionViewCell.swift */ = {isa = PBXFileReference; lastKnownFileType = sourcecode.swift; path = FoodTitleCollectionViewCell.swift; sourceTree = "<group>"; };
		ADE4B1B0298968EC002C4A97 /* API.swift */ = {isa = PBXFileReference; lastKnownFileType = sourcecode.swift; path = API.swift; sourceTree = "<group>"; };
		C192C79E298D05AD001A442E /* User.swift */ = {isa = PBXFileReference; lastKnownFileType = sourcecode.swift; path = User.swift; sourceTree = "<group>"; };
/* End PBXFileReference section */

/* Begin PBXFrameworksBuildPhase section */
		AD7256672980610C00151C54 /* Frameworks */ = {
			isa = PBXFrameworksBuildPhase;
			buildActionMask = 2147483647;
			files = (
				13E7D5BE298E3D12004EFA47 /* Alamofire in Frameworks */,
				C1DAD546298C96E400C2A62C /* SDWebImageMapKit in Frameworks */,
				C1DAD544298C96E400C2A62C /* SDWebImage in Frameworks */,
			);
			runOnlyForDeploymentPostprocessing = 0;
		};
/* End PBXFrameworksBuildPhase section */

/* Begin PBXGroup section */
		AD7256612980610C00151C54 = {
			isa = PBXGroup;
			children = (
				AD72566C2980610C00151C54 /* food_recipes_app */,
				AD72566B2980610C00151C54 /* Products */,
			);
			sourceTree = "<group>";
		};
		AD72566B2980610C00151C54 /* Products */ = {
			isa = PBXGroup;
			children = (
				AD72566A2980610C00151C54 /* Tasty Foods.app */,
			);
			name = Products;
			sourceTree = "<group>";
		};
		AD72566C2980610C00151C54 /* food_recipes_app */ = {
			isa = PBXGroup;
			children = (
				ADE4B1B229896E66002C4A97 /* Models */,
				ADE4B1AF298968A8002C4A97 /* Managers */,
				ADE16A0F2987D24F00976A5A /* Resources */,
				ADE16A0A2987BF5F00976A5A /* Views */,
				ADE169FF2987B68300976A5A /* Controllers */,
				AD72566D2980610C00151C54 /* AppDelegate.swift */,
				AD72566F2980610C00151C54 /* SceneDelegate.swift */,
				AD7256712980610C00151C54 /* ViewController.swift */,
				AD7256762980611700151C54 /* Assets.xcassets */,
				AD7256782980611700151C54 /* LaunchScreen.storyboard */,
				AD72567B2980611700151C54 /* Info.plist */,
				ADE16A002987B82000976A5A /* HomeTabBarViewController.swift */,
			);
			path = food_recipes_app;
			sourceTree = "<group>";
		};
		ADE169FF2987B68300976A5A /* Controllers */ = {
			isa = PBXGroup;
			children = (
				ADE16A022987BB4B00976A5A /* HomeViewController.swift */,
				ADE16A042987BB9600976A5A /* FavoriteViewController.swift */,
				ADE16A062987BBC300976A5A /* SearchViewController.swift */,
				ADE16A082987BC1F00976A5A /* ProfileViewController.swift */,
				ADE16A142987D36F00976A5A /* SignInViewController.swift */,
				13E7D5BF298E4177004EFA47 /* SignUpViewController.swift */,
			);
			path = Controllers;
			sourceTree = "<group>";
		};
		ADE16A0A2987BF5F00976A5A /* Views */ = {
			isa = PBXGroup;
			children = (
				ADE16A0B2987C00900976A5A /* CollectionViewTableViewCell.swift */,
				ADE16A0D2987D12700976A5A /* TableHeaderUIView.swift */,
				ADE4707A298ADFC500B0EFA0 /* FoodTitleCollectionViewCell.swift */,
			);
			path = Views;
			sourceTree = "<group>";
		};
		ADE16A0F2987D24F00976A5A /* Resources */ = {
			isa = PBXGroup;
			children = (
				ADE16A122987D2C900976A5A /* Extensions.swift */,
			);
			path = Resources;
			sourceTree = "<group>";
		};
		ADE4B1AF298968A8002C4A97 /* Managers */ = {
			isa = PBXGroup;
			children = (
				ADE4B1B0298968EC002C4A97 /* API.swift */,
			);
			path = Managers;
			sourceTree = "<group>";
		};
		ADE4B1B229896E66002C4A97 /* Models */ = {
			isa = PBXGroup;
			children = (
				ADE47073298AD3A600B0EFA0 /* Foods.swift */,
				C192C79E298D05AD001A442E /* User.swift */,
				130666A2298EE00E0009A368 /* Favourite.swift */,
			);
			path = Models;
			sourceTree = "<group>";
		};
/* End PBXGroup section */

/* Begin PBXNativeTarget section */
		AD7256692980610C00151C54 /* food_recipes_app */ = {
			isa = PBXNativeTarget;
			buildConfigurationList = AD72567E2980611700151C54 /* Build configuration list for PBXNativeTarget "food_recipes_app" */;
			buildPhases = (
				AD7256662980610C00151C54 /* Sources */,
				AD7256672980610C00151C54 /* Frameworks */,
				AD7256682980610C00151C54 /* Resources */,
			);
			buildRules = (
			);
			dependencies = (
			);
			name = food_recipes_app;
			packageProductDependencies = (
				C1DAD543298C96E400C2A62C /* SDWebImage */,
				C1DAD545298C96E400C2A62C /* SDWebImageMapKit */,
				13E7D5BD298E3D12004EFA47 /* Alamofire */,
			);
			productName = food_recipes_app;
			productReference = AD72566A2980610C00151C54 /* Tasty Foods.app */;
			productType = "com.apple.product-type.application";
		};
/* End PBXNativeTarget section */

/* Begin PBXProject section */
		AD7256622980610C00151C54 /* Project object */ = {
			isa = PBXProject;
			attributes = {
				LastSwiftUpdateCheck = 1100;
				LastUpgradeCheck = 1100;
				ORGANIZATIONNAME = "VPJ Production";
				TargetAttributes = {
					AD7256692980610C00151C54 = {
						CreatedOnToolsVersion = 11.0;
					};
				};
			};
			buildConfigurationList = AD7256652980610C00151C54 /* Build configuration list for PBXProject "food_recipes_app" */;
			compatibilityVersion = "Xcode 11.0";
			developmentRegion = en;
			hasScannedForEncodings = 0;
			knownRegions = (
				en,
				Base,
			);
			mainGroup = AD7256612980610C00151C54;
			packageReferences = (
				C1DAD542298C96E400C2A62C /* XCRemoteSwiftPackageReference "SDWebImage" */,
				13E7D5BC298E3D12004EFA47 /* XCRemoteSwiftPackageReference "Alamofire" */,
			);
			productRefGroup = AD72566B2980610C00151C54 /* Products */;
			projectDirPath = "";
			projectRoot = "";
			targets = (
				AD7256692980610C00151C54 /* food_recipes_app */,
			);
		};
/* End PBXProject section */

/* Begin PBXResourcesBuildPhase section */
		AD7256682980610C00151C54 /* Resources */ = {
			isa = PBXResourcesBuildPhase;
			buildActionMask = 2147483647;
			files = (
				AD72567A2980611700151C54 /* LaunchScreen.storyboard in Resources */,
				AD7256772980611700151C54 /* Assets.xcassets in Resources */,
			);
			runOnlyForDeploymentPostprocessing = 0;
		};
/* End PBXResourcesBuildPhase section */

/* Begin PBXSourcesBuildPhase section */
		AD7256662980610C00151C54 /* Sources */ = {
			isa = PBXSourcesBuildPhase;
			buildActionMask = 2147483647;
			files = (
				ADE47074298AD3A600B0EFA0 /* Foods.swift in Sources */,
				ADE16A032987BB4B00976A5A /* HomeViewController.swift in Sources */,
				ADE16A072987BBC300976A5A /* SearchViewController.swift in Sources */,
				AD7256722980610C00151C54 /* ViewController.swift in Sources */,
				ADE16A012987B82000976A5A /* HomeTabBarViewController.swift in Sources */,
				13E7D5C0298E4177004EFA47 /* SignUpViewController.swift in Sources */,
				AD72566E2980610C00151C54 /* AppDelegate.swift in Sources */,
				C192C79F298D05AF001A442E /* User.swift in Sources */,
				ADE4707B298ADFC500B0EFA0 /* FoodTitleCollectionViewCell.swift in Sources */,
				130666A3298EE00E0009A368 /* Favourite.swift in Sources */,
				ADE16A0C2987C00900976A5A /* CollectionViewTableViewCell.swift in Sources */,
				ADE16A0E2987D12700976A5A /* TableHeaderUIView.swift in Sources */,
				ADE16A052987BB9600976A5A /* FavoriteViewController.swift in Sources */,
				ADE4B1B1298968EC002C4A97 /* API.swift in Sources */,
				ADE16A152987D36F00976A5A /* SignInViewController.swift in Sources */,
				ADE16A092987BC1F00976A5A /* ProfileViewController.swift in Sources */,
				ADE16A132987D2C900976A5A /* Extensions.swift in Sources */,
				AD7256702980610C00151C54 /* SceneDelegate.swift in Sources */,
			);
			runOnlyForDeploymentPostprocessing = 0;
		};
/* End PBXSourcesBuildPhase section */

/* Begin PBXVariantGroup section */
		AD7256782980611700151C54 /* LaunchScreen.storyboard */ = {
			isa = PBXVariantGroup;
			children = (
				AD7256792980611700151C54 /* Base */,
			);
			name = LaunchScreen.storyboard;
			sourceTree = "<group>";
		};
/* End PBXVariantGroup section */

/* Begin XCBuildConfiguration section */
		AD72567C2980611700151C54 /* Debug */ = {
			isa = XCBuildConfiguration;
			buildSettings = {
				ALWAYS_SEARCH_USER_PATHS = NO;
				CLANG_ANALYZER_NONNULL = YES;
				CLANG_ANALYZER_NUMBER_OBJECT_CONVERSION = YES_AGGRESSIVE;
				CLANG_CXX_LANGUAGE_STANDARD = "gnu++14";
				CLANG_CXX_LIBRARY = "libc++";
				CLANG_ENABLE_MODULES = YES;
				CLANG_ENABLE_OBJC_ARC = YES;
				CLANG_ENABLE_OBJC_WEAK = YES;
				CLANG_WARN_BLOCK_CAPTURE_AUTORELEASING = YES;
				CLANG_WARN_BOOL_CONVERSION = YES;
				CLANG_WARN_COMMA = YES;
				CLANG_WARN_CONSTANT_CONVERSION = YES;
				CLANG_WARN_DEPRECATED_OBJC_IMPLEMENTATIONS = YES;
				CLANG_WARN_DIRECT_OBJC_ISA_USAGE = YES_ERROR;
				CLANG_WARN_DOCUMENTATION_COMMENTS = YES;
				CLANG_WARN_EMPTY_BODY = YES;
				CLANG_WARN_ENUM_CONVERSION = YES;
				CLANG_WARN_INFINITE_RECURSION = YES;
				CLANG_WARN_INT_CONVERSION = YES;
				CLANG_WARN_NON_LITERAL_NULL_CONVERSION = YES;
				CLANG_WARN_OBJC_IMPLICIT_RETAIN_SELF = YES;
				CLANG_WARN_OBJC_LITERAL_CONVERSION = YES;
				CLANG_WARN_OBJC_ROOT_CLASS = YES_ERROR;
				CLANG_WARN_RANGE_LOOP_ANALYSIS = YES;
				CLANG_WARN_STRICT_PROTOTYPES = YES;
				CLANG_WARN_SUSPICIOUS_MOVE = YES;
				CLANG_WARN_UNGUARDED_AVAILABILITY = YES_AGGRESSIVE;
				CLANG_WARN_UNREACHABLE_CODE = YES;
				CLANG_WARN__DUPLICATE_METHOD_MATCH = YES;
				COPY_PHASE_STRIP = NO;
				DEBUG_INFORMATION_FORMAT = dwarf;
				ENABLE_STRICT_OBJC_MSGSEND = YES;
				ENABLE_TESTABILITY = YES;
				GCC_C_LANGUAGE_STANDARD = gnu11;
				GCC_DYNAMIC_NO_PIC = NO;
				GCC_NO_COMMON_BLOCKS = YES;
				GCC_OPTIMIZATION_LEVEL = 0;
				GCC_PREPROCESSOR_DEFINITIONS = (
					"DEBUG=1",
					"$(inherited)",
				);
				GCC_WARN_64_TO_32_BIT_CONVERSION = YES;
				GCC_WARN_ABOUT_RETURN_TYPE = YES_ERROR;
				GCC_WARN_UNDECLARED_SELECTOR = YES;
				GCC_WARN_UNINITIALIZED_AUTOS = YES_AGGRESSIVE;
				GCC_WARN_UNUSED_FUNCTION = YES;
				GCC_WARN_UNUSED_VARIABLE = YES;
				IPHONEOS_DEPLOYMENT_TARGET = 13.0;
				MTL_ENABLE_DEBUG_INFO = INCLUDE_SOURCE;
				MTL_FAST_MATH = YES;
				ONLY_ACTIVE_ARCH = YES;
				SDKROOT = iphoneos;
				SWIFT_ACTIVE_COMPILATION_CONDITIONS = DEBUG;
				SWIFT_OPTIMIZATION_LEVEL = "-Onone";
			};
			name = Debug;
		};
		AD72567D2980611700151C54 /* Release */ = {
			isa = XCBuildConfiguration;
			buildSettings = {
				ALWAYS_SEARCH_USER_PATHS = NO;
				CLANG_ANALYZER_NONNULL = YES;
				CLANG_ANALYZER_NUMBER_OBJECT_CONVERSION = YES_AGGRESSIVE;
				CLANG_CXX_LANGUAGE_STANDARD = "gnu++14";
				CLANG_CXX_LIBRARY = "libc++";
				CLANG_ENABLE_MODULES = YES;
				CLANG_ENABLE_OBJC_ARC = YES;
				CLANG_ENABLE_OBJC_WEAK = YES;
				CLANG_WARN_BLOCK_CAPTURE_AUTORELEASING = YES;
				CLANG_WARN_BOOL_CONVERSION = YES;
				CLANG_WARN_COMMA = YES;
				CLANG_WARN_CONSTANT_CONVERSION = YES;
				CLANG_WARN_DEPRECATED_OBJC_IMPLEMENTATIONS = YES;
				CLANG_WARN_DIRECT_OBJC_ISA_USAGE = YES_ERROR;
				CLANG_WARN_DOCUMENTATION_COMMENTS = YES;
				CLANG_WARN_EMPTY_BODY = YES;
				CLANG_WARN_ENUM_CONVERSION = YES;
				CLANG_WARN_INFINITE_RECURSION = YES;
				CLANG_WARN_INT_CONVERSION = YES;
				CLANG_WARN_NON_LITERAL_NULL_CONVERSION = YES;
				CLANG_WARN_OBJC_IMPLICIT_RETAIN_SELF = YES;
				CLANG_WARN_OBJC_LITERAL_CONVERSION = YES;
				CLANG_WARN_OBJC_ROOT_CLASS = YES_ERROR;
				CLANG_WARN_RANGE_LOOP_ANALYSIS = YES;
				CLANG_WARN_STRICT_PROTOTYPES = YES;
				CLANG_WARN_SUSPICIOUS_MOVE = YES;
				CLANG_WARN_UNGUARDED_AVAILABILITY = YES_AGGRESSIVE;
				CLANG_WARN_UNREACHABLE_CODE = YES;
				CLANG_WARN__DUPLICATE_METHOD_MATCH = YES;
				COPY_PHASE_STRIP = NO;
				DEBUG_INFORMATION_FORMAT = "dwarf-with-dsym";
				ENABLE_NS_ASSERTIONS = NO;
				ENABLE_STRICT_OBJC_MSGSEND = YES;
				GCC_C_LANGUAGE_STANDARD = gnu11;
				GCC_NO_COMMON_BLOCKS = YES;
				GCC_WARN_64_TO_32_BIT_CONVERSION = YES;
				GCC_WARN_ABOUT_RETURN_TYPE = YES_ERROR;
				GCC_WARN_UNDECLARED_SELECTOR = YES;
				GCC_WARN_UNINITIALIZED_AUTOS = YES_AGGRESSIVE;
				GCC_WARN_UNUSED_FUNCTION = YES;
				GCC_WARN_UNUSED_VARIABLE = YES;
				IPHONEOS_DEPLOYMENT_TARGET = 13.0;
				MTL_ENABLE_DEBUG_INFO = NO;
				MTL_FAST_MATH = YES;
				SDKROOT = iphoneos;
				SWIFT_COMPILATION_MODE = wholemodule;
				SWIFT_OPTIMIZATION_LEVEL = "-O";
				VALIDATE_PRODUCT = YES;
			};
			name = Release;
		};
		AD72567F2980611700151C54 /* Debug */ = {
			isa = XCBuildConfiguration;
			buildSettings = {
				ASSETCATALOG_COMPILER_APPICON_NAME = AppIcon;
				CODE_SIGN_STYLE = Automatic;
				INFOPLIST_FILE = food_recipes_app/Info.plist;
				LD_RUNPATH_SEARCH_PATHS = (
					"$(inherited)",
					"@executable_path/Frameworks",
				);
				PRODUCT_BUNDLE_IDENTIFIER = "com.nibmtest.NIBM-Test.food-recipes-app";
				PRODUCT_NAME = "Tasty Foods";
				SWIFT_VERSION = 5.0;
				TARGETED_DEVICE_FAMILY = "1,2";
			};
			name = Debug;
		};
		AD7256802980611700151C54 /* Release */ = {
			isa = XCBuildConfiguration;
			buildSettings = {
				ASSETCATALOG_COMPILER_APPICON_NAME = AppIcon;
				CODE_SIGN_STYLE = Automatic;
				INFOPLIST_FILE = food_recipes_app/Info.plist;
				LD_RUNPATH_SEARCH_PATHS = (
					"$(inherited)",
					"@executable_path/Frameworks",
				);
				PRODUCT_BUNDLE_IDENTIFIER = "com.nibmtest.NIBM-Test.food-recipes-app";
				PRODUCT_NAME = "Tasty Foods";
				SWIFT_VERSION = 5.0;
				TARGETED_DEVICE_FAMILY = "1,2";
			};
			name = Release;
		};
/* End XCBuildConfiguration section */

/* Begin XCConfigurationList section */
		AD7256652980610C00151C54 /* Build configuration list for PBXProject "food_recipes_app" */ = {
			isa = XCConfigurationList;
			buildConfigurations = (
				AD72567C2980611700151C54 /* Debug */,
				AD72567D2980611700151C54 /* Release */,
			);
			defaultConfigurationIsVisible = 0;
			defaultConfigurationName = Release;
		};
		AD72567E2980611700151C54 /* Build configuration list for PBXNativeTarget "food_recipes_app" */ = {
			isa = XCConfigurationList;
			buildConfigurations = (
				AD72567F2980611700151C54 /* Debug */,
				AD7256802980611700151C54 /* Release */,
			);
			defaultConfigurationIsVisible = 0;
			defaultConfigurationName = Release;
		};
/* End XCConfigurationList section */

/* Begin XCRemoteSwiftPackageReference section */
		13E7D5BC298E3D12004EFA47 /* XCRemoteSwiftPackageReference "Alamofire" */ = {
			isa = XCRemoteSwiftPackageReference;
			repositoryURL = "https://github.com/Alamofire/Alamofire.git";
			requirement = {
				kind = upToNextMajorVersion;
				minimumVersion = 5.0.0;
			};
		};
		C1DAD542298C96E400C2A62C /* XCRemoteSwiftPackageReference "SDWebImage" */ = {
			isa = XCRemoteSwiftPackageReference;
			repositoryURL = "https://github.com/SDWebImage/SDWebImage.git";
			requirement = {
				kind = upToNextMajorVersion;
				minimumVersion = 5.0.0;
			};
		};
/* End XCRemoteSwiftPackageReference section */

/* Begin XCSwiftPackageProductDependency section */
		13E7D5BD298E3D12004EFA47 /* Alamofire */ = {
			isa = XCSwiftPackageProductDependency;
			package = 13E7D5BC298E3D12004EFA47 /* XCRemoteSwiftPackageReference "Alamofire" */;
			productName = Alamofire;
		};
		C1DAD543298C96E400C2A62C /* SDWebImage */ = {
			isa = XCSwiftPackageProductDependency;
			package = C1DAD542298C96E400C2A62C /* XCRemoteSwiftPackageReference "SDWebImage" */;
			productName = SDWebImage;
		};
		C1DAD545298C96E400C2A62C /* SDWebImageMapKit */ = {
			isa = XCSwiftPackageProductDependency;
			package = C1DAD542298C96E400C2A62C /* XCRemoteSwiftPackageReference "SDWebImage" */;
			productName = SDWebImageMapKit;
		};
/* End XCSwiftPackageProductDependency section */
	};
	rootObject = AD7256622980610C00151C54 /* Project object */;
}
